
Microsoft Visual Studio Solution File, Format Version 12.00
Project("{FAE04EC0-301F-11D3-BF4B-00C04F79EFBC}") = "AntiSocialMedia", "AntiSocialMedia\AntiSocialMedia.csproj", "{6C6701E5-6FA7-4341-A9F8-379551472519}"
EndProject
Project("{FAE04EC0-301F-11D3-BF4B-00C04F79EFBC}") = "AntiData", "AntiData\AntiData.csproj", "{A477B019-4A79-44B8-85C2-C6D86E9739F3}"
EndProject
Global
	GlobalSection(SolutionConfigurationPlatforms) = preSolution
		Debug|Any CPU = Debug|Any CPU
		Release|Any CPU = Release|Any CPU
	EndGlobalSection
	GlobalSection(ProjectConfigurationPlatforms) = postSolution
		{6C6701E5-6FA7-4341-A9F8-379551472519}.Debug|Any CPU.ActiveCfg = Debug|Any CPU
		{6C6701E5-6FA7-4341-A9F8-379551472519}.Debug|Any CPU.Build.0 = Debug|Any CPU
		{6C6701E5-6FA7-4341-A9F8-379551472519}.Release|Any CPU.ActiveCfg = Release|Any CPU
		{6C6701E5-6FA7-4341-A9F8-379551472519}.Release|Any CPU.Build.0 = Release|Any CPU
		{A477B019-4A79-44B8-85C2-C6D86E9739F3}.Debug|Any CPU.ActiveCfg = Debug|Any CPU
		{A477B019-4A79-44B8-85C2-C6D86E9739F3}.Debug|Any CPU.Build.0 = Debug|Any CPU
		{A477B019-4A79-44B8-85C2-C6D86E9739F3}.Release|Any CPU.ActiveCfg = Release|Any CPU
		{A477B019-4A79-44B8-85C2-C6D86E9739F3}.Release|Any CPU.Build.0 = Release|Any CPU
	EndGlobalSection
EndGlobal
